// !$*UTF8*$!
{
	archiveVersion = 1;
	classes = {
	};
	objectVersion = 55;
	objects = {

/* Begin PBXBuildFile section */
		B616EEF628082645005A15CC /* ContactItemView.swift in Sources */ = {isa = PBXBuildFile; fileRef = B616EEF528082645005A15CC /* ContactItemView.swift */; };
		B616EEF9280826D1005A15CC /* ContentViewModel.swift in Sources */ = {isa = PBXBuildFile; fileRef = B616EEF8280826D1005A15CC /* ContentViewModel.swift */; };
		B616EEFB2808272A005A15CC /* ContactDetailsView.swift in Sources */ = {isa = PBXBuildFile; fileRef = B616EEFA2808272A005A15CC /* ContactDetailsView.swift */; };
		B616EEFD28082A05005A15CC /* ContactViewModel.swift in Sources */ = {isa = PBXBuildFile; fileRef = B616EEFC28082A05005A15CC /* ContactViewModel.swift */; };
		B63F68E7280DE1EA00B41D92 /* LabeledUIValue.swift in Sources */ = {isa = PBXBuildFile; fileRef = B63F68E6280DE1EA00B41D92 /* LabeledUIValue.swift */; };
		B63F68E9280DE31000B41D92 /* ContactComponents.swift in Sources */ = {isa = PBXBuildFile; fileRef = B63F68E8280DE31000B41D92 /* ContactComponents.swift */; };
		B64C71E228267DA000DAA839 /* CodeComplexity.rtf in Resources */ = {isa = PBXBuildFile; fileRef = B64C71E128267DA000DAA839 /* CodeComplexity.rtf */; };
		B67181A5280F3F5C008CFB14 /* MetricObserver.swift in Sources */ = {isa = PBXBuildFile; fileRef = B67181A4280F3F5C008CFB14 /* MetricObserver.swift */; };
		B69653F128070E8A004C3C6C /* ContactImporter.swift in Sources */ = {isa = PBXBuildFile; fileRef = B69653F028070E8A004C3C6C /* ContactImporter.swift */; };
		B69653F328072160004C3C6C /* ContactStore.swift in Sources */ = {isa = PBXBuildFile; fileRef = B69653F228072160004C3C6C /* ContactStore.swift */; };
		B69653F528073AE0004C3C6C /* ParallelMergeSorter.swift in Sources */ = {isa = PBXBuildFile; fileRef = B69653F428073AE0004C3C6C /* ParallelMergeSorter.swift */; };
		B699377B28083C66007ABD98 /* AddContactView.swift in Sources */ = {isa = PBXBuildFile; fileRef = B699377A28083C66007ABD98 /* AddContactView.swift */; };
		B699377D28085783007ABD98 /* LabelPickerView.swift in Sources */ = {isa = PBXBuildFile; fileRef = B699377C28085783007ABD98 /* LabelPickerView.swift */; };
		B699377F2808A30E007ABD98 /* EditContactView.swift in Sources */ = {isa = PBXBuildFile; fileRef = B699377E2808A30E007ABD98 /* EditContactView.swift */; };
		B69BB1172806EA3B00323DBD /* GCDContactsApp.swift in Sources */ = {isa = PBXBuildFile; fileRef = B69BB1162806EA3B00323DBD /* GCDContactsApp.swift */; };
		B69BB1192806EA3B00323DBD /* ContentView.swift in Sources */ = {isa = PBXBuildFile; fileRef = B69BB1182806EA3B00323DBD /* ContentView.swift */; };
		B69BB11B2806EA3F00323DBD /* Assets.xcassets in Resources */ = {isa = PBXBuildFile; fileRef = B69BB11A2806EA3F00323DBD /* Assets.xcassets */; };
		B69BB11E2806EA3F00323DBD /* Preview Assets.xcassets in Resources */ = {isa = PBXBuildFile; fileRef = B69BB11D2806EA3F00323DBD /* Preview Assets.xcassets */; };
		B69BB1272806EC8900323DBD /* ContactGenerator.swift in Sources */ = {isa = PBXBuildFile; fileRef = B69BB1262806EC8900323DBD /* ContactGenerator.swift */; };
		B69BB1322806ED5600323DBD /* User.swift in Sources */ = {isa = PBXBuildFile; fileRef = B69BB1312806ED5600323DBD /* User.swift */; };
		B69BB1342806ED7100323DBD /* UserResponse.swift in Sources */ = {isa = PBXBuildFile; fileRef = B69BB1332806ED7100323DBD /* UserResponse.swift */; };
		B69BB1372806EDDF00323DBD /* Contact.swift in Sources */ = {isa = PBXBuildFile; fileRef = B69BB1362806EDDF00323DBD /* Contact.swift */; };
		B69BB1412806EEDA00323DBD /* LabeledValue.swift in Sources */ = {isa = PBXBuildFile; fileRef = B69BB1402806EEDA00323DBD /* LabeledValue.swift */; };
		B6BB198E280F170E00D40AE3 /* Logger.swift in Sources */ = {isa = PBXBuildFile; fileRef = B6BB198D280F170E00D40AE3 /* Logger.swift */; };
		B6BB1990280F1E0900D40AE3 /* FileArchiver.swift in Sources */ = {isa = PBXBuildFile; fileRef = B6BB198F280F1E0900D40AE3 /* FileArchiver.swift */; };
/* End PBXBuildFile section */

/* Begin PBXFileReference section */
		B616EEF528082645005A15CC /* ContactItemView.swift */ = {isa = PBXFileReference; lastKnownFileType = sourcecode.swift; path = ContactItemView.swift; sourceTree = "<group>"; };
		B616EEF8280826D1005A15CC /* ContentViewModel.swift */ = {isa = PBXFileReference; lastKnownFileType = sourcecode.swift; path = ContentViewModel.swift; sourceTree = "<group>"; };
		B616EEFA2808272A005A15CC /* ContactDetailsView.swift */ = {isa = PBXFileReference; lastKnownFileType = sourcecode.swift; path = ContactDetailsView.swift; sourceTree = "<group>"; };
		B616EEFC28082A05005A15CC /* ContactViewModel.swift */ = {isa = PBXFileReference; lastKnownFileType = sourcecode.swift; path = ContactViewModel.swift; sourceTree = "<group>"; };
		B63F68E6280DE1EA00B41D92 /* LabeledUIValue.swift */ = {isa = PBXFileReference; lastKnownFileType = sourcecode.swift; path = LabeledUIValue.swift; sourceTree = "<group>"; };
		B63F68E8280DE31000B41D92 /* ContactComponents.swift */ = {isa = PBXFileReference; lastKnownFileType = sourcecode.swift; path = ContactComponents.swift; sourceTree = "<group>"; };
		B64C71E128267DA000DAA839 /* CodeComplexity.rtf */ = {isa = PBXFileReference; lastKnownFileType = text.rtf; path = CodeComplexity.rtf; sourceTree = "<group>"; };
		B67181A4280F3F5C008CFB14 /* MetricObserver.swift */ = {isa = PBXFileReference; lastKnownFileType = sourcecode.swift; path = MetricObserver.swift; sourceTree = "<group>"; };
		B69653F028070E8A004C3C6C /* ContactImporter.swift */ = {isa = PBXFileReference; lastKnownFileType = sourcecode.swift; path = ContactImporter.swift; sourceTree = "<group>"; };
		B69653F228072160004C3C6C /* ContactStore.swift */ = {isa = PBXFileReference; lastKnownFileType = sourcecode.swift; path = ContactStore.swift; sourceTree = "<group>"; };
		B69653F428073AE0004C3C6C /* ParallelMergeSorter.swift */ = {isa = PBXFileReference; lastKnownFileType = sourcecode.swift; path = ParallelMergeSorter.swift; sourceTree = "<group>"; };
		B699377A28083C66007ABD98 /* AddContactView.swift */ = {isa = PBXFileReference; lastKnownFileType = sourcecode.swift; path = AddContactView.swift; sourceTree = "<group>"; };
		B699377C28085783007ABD98 /* LabelPickerView.swift */ = {isa = PBXFileReference; lastKnownFileType = sourcecode.swift; path = LabelPickerView.swift; sourceTree = "<group>"; };
		B699377E2808A30E007ABD98 /* EditContactView.swift */ = {isa = PBXFileReference; lastKnownFileType = sourcecode.swift; path = EditContactView.swift; sourceTree = "<group>"; };
		B69BB1132806EA3B00323DBD /* GCDContacts.app */ = {isa = PBXFileReference; explicitFileType = wrapper.application; includeInIndex = 0; path = GCDContacts.app; sourceTree = BUILT_PRODUCTS_DIR; };
		B69BB1162806EA3B00323DBD /* GCDContactsApp.swift */ = {isa = PBXFileReference; lastKnownFileType = sourcecode.swift; path = GCDContactsApp.swift; sourceTree = "<group>"; };
		B69BB1182806EA3B00323DBD /* ContentView.swift */ = {isa = PBXFileReference; lastKnownFileType = sourcecode.swift; path = ContentView.swift; sourceTree = "<group>"; };
		B69BB11A2806EA3F00323DBD /* Assets.xcassets */ = {isa = PBXFileReference; lastKnownFileType = folder.assetcatalog; path = Assets.xcassets; sourceTree = "<group>"; };
		B69BB11D2806EA3F00323DBD /* Preview Assets.xcassets */ = {isa = PBXFileReference; lastKnownFileType = folder.assetcatalog; path = "Preview Assets.xcassets"; sourceTree = "<group>"; };
		B69BB1262806EC8900323DBD /* ContactGenerator.swift */ = {isa = PBXFileReference; lastKnownFileType = sourcecode.swift; path = ContactGenerator.swift; sourceTree = "<group>"; };
		B69BB1312806ED5600323DBD /* User.swift */ = {isa = PBXFileReference; lastKnownFileType = sourcecode.swift; path = User.swift; sourceTree = "<group>"; };
		B69BB1332806ED7100323DBD /* UserResponse.swift */ = {isa = PBXFileReference; lastKnownFileType = sourcecode.swift; path = UserResponse.swift; sourceTree = "<group>"; };
		B69BB1362806EDDF00323DBD /* Contact.swift */ = {isa = PBXFileReference; lastKnownFileType = sourcecode.swift; path = Contact.swift; sourceTree = "<group>"; };
		B69BB1402806EEDA00323DBD /* LabeledValue.swift */ = {isa = PBXFileReference; lastKnownFileType = sourcecode.swift; path = LabeledValue.swift; sourceTree = "<group>"; };
		B6BB198D280F170E00D40AE3 /* Logger.swift */ = {isa = PBXFileReference; lastKnownFileType = sourcecode.swift; path = Logger.swift; sourceTree = "<group>"; };
		B6BB198F280F1E0900D40AE3 /* FileArchiver.swift */ = {isa = PBXFileReference; lastKnownFileType = sourcecode.swift; path = FileArchiver.swift; sourceTree = "<group>"; };
/* End PBXFileReference section */

/* Begin PBXFrameworksBuildPhase section */
		B69BB1102806EA3B00323DBD /* Frameworks */ = {
			isa = PBXFrameworksBuildPhase;
			buildActionMask = 2147483647;
			files = (
			);
			runOnlyForDeploymentPostprocessing = 0;
		};
/* End PBXFrameworksBuildPhase section */

/* Begin PBXGroup section */
		B616EEF7280826C3005A15CC /* ViewModel */ = {
			isa = PBXGroup;
			children = (
				B616EEF8280826D1005A15CC /* ContentViewModel.swift */,
				B616EEFC28082A05005A15CC /* ContactViewModel.swift */,
				B63F68E6280DE1EA00B41D92 /* LabeledUIValue.swift */,
			);
			path = ViewModel;
			sourceTree = "<group>";
		};
		B69BB10A2806EA3B00323DBD = {
			isa = PBXGroup;
			children = (
				B69BB1152806EA3B00323DBD /* GCDContacts */,
				B69BB1142806EA3B00323DBD /* Products */,
			);
			sourceTree = "<group>";
		};
		B69BB1142806EA3B00323DBD /* Products */ = {
			isa = PBXGroup;
			children = (
				B69BB1132806EA3B00323DBD /* GCDContacts.app */,
			);
			name = Products;
			sourceTree = "<group>";
		};
		B69BB1152806EA3B00323DBD /* GCDContacts */ = {
			isa = PBXGroup;
			children = (
				B69BB1352806EDD200323DBD /* Model */,
				B69BB1252806EC3E00323DBD /* Utilities */,
				B69BB1242806EC1C00323DBD /* UI */,
				B69BB1162806EA3B00323DBD /* GCDContactsApp.swift */,
				B69BB11A2806EA3F00323DBD /* Assets.xcassets */,
				B69BB11C2806EA3F00323DBD /* Preview Content */,
				B64C71E128267DA000DAA839 /* CodeComplexity.rtf */,
			);
			path = GCDContacts;
			sourceTree = "<group>";
		};
		B69BB11C2806EA3F00323DBD /* Preview Content */ = {
			isa = PBXGroup;
			children = (
				B69BB11D2806EA3F00323DBD /* Preview Assets.xcassets */,
			);
			path = "Preview Content";
			sourceTree = "<group>";
		};
		B69BB1242806EC1C00323DBD /* UI */ = {
			isa = PBXGroup;
			children = (
				B616EEF7280826C3005A15CC /* ViewModel */,
				B69BB1182806EA3B00323DBD /* ContentView.swift */,
				B616EEF528082645005A15CC /* ContactItemView.swift */,
				B616EEFA2808272A005A15CC /* ContactDetailsView.swift */,
				B699377A28083C66007ABD98 /* AddContactView.swift */,
				B699377C28085783007ABD98 /* LabelPickerView.swift */,
				B699377E2808A30E007ABD98 /* EditContactView.swift */,
				B63F68E8280DE31000B41D92 /* ContactComponents.swift */,
			);
			path = UI;
			sourceTree = "<group>";
		};
		B69BB1252806EC3E00323DBD /* Utilities */ = {
			isa = PBXGroup;
			children = (
				B69BB1302806ED4700323DBD /* Model */,
				B69BB1262806EC8900323DBD /* ContactGenerator.swift */,
				B69653F028070E8A004C3C6C /* ContactImporter.swift */,
				B69653F228072160004C3C6C /* ContactStore.swift */,
				B69653F428073AE0004C3C6C /* ParallelMergeSorter.swift */,
				B6BB198D280F170E00D40AE3 /* Logger.swift */,
				B6BB198F280F1E0900D40AE3 /* FileArchiver.swift */,
				B67181A4280F3F5C008CFB14 /* MetricObserver.swift */,
			);
			path = Utilities;
			sourceTree = "<group>";
		};
		B69BB1302806ED4700323DBD /* Model */ = {
			isa = PBXGroup;
			children = (
				B69BB1312806ED5600323DBD /* User.swift */,
				B69BB1332806ED7100323DBD /* UserResponse.swift */,
			);
			path = Model;
			sourceTree = "<group>";
		};
		B69BB1352806EDD200323DBD /* Model */ = {
			isa = PBXGroup;
			children = (
				B69BB1362806EDDF00323DBD /* Contact.swift */,
				B69BB1402806EEDA00323DBD /* LabeledValue.swift */,
			);
			path = Model;
			sourceTree = "<group>";
		};
/* End PBXGroup section */

/* Begin PBXNativeTarget section */
		B69BB1122806EA3B00323DBD /* GCDContacts */ = {
			isa = PBXNativeTarget;
			buildConfigurationList = B69BB1212806EA3F00323DBD /* Build configuration list for PBXNativeTarget "GCDContacts" */;
			buildPhases = (
				B69BB10F2806EA3B00323DBD /* Sources */,
				B69BB1102806EA3B00323DBD /* Frameworks */,
				B69BB1112806EA3B00323DBD /* Resources */,
			);
			buildRules = (
			);
			dependencies = (
			);
			name = GCDContacts;
			productName = GCDContacts;
			productReference = B69BB1132806EA3B00323DBD /* GCDContacts.app */;
			productType = "com.apple.product-type.application";
		};
/* End PBXNativeTarget section */

/* Begin PBXProject section */
		B69BB10B2806EA3B00323DBD /* Project object */ = {
			isa = PBXProject;
			attributes = {
				BuildIndependentTargetsInParallel = 1;
				LastSwiftUpdateCheck = 1330;
				LastUpgradeCheck = 1330;
				TargetAttributes = {
					B69BB1122806EA3B00323DBD = {
						CreatedOnToolsVersion = 13.3;
					};
				};
			};
			buildConfigurationList = B69BB10E2806EA3B00323DBD /* Build configuration list for PBXProject "GCDContacts" */;
			compatibilityVersion = "Xcode 13.0";
			developmentRegion = en;
			hasScannedForEncodings = 0;
			knownRegions = (
				en,
				Base,
			);
			mainGroup = B69BB10A2806EA3B00323DBD;
			productRefGroup = B69BB1142806EA3B00323DBD /* Products */;
			projectDirPath = "";
			projectRoot = "";
			targets = (
				B69BB1122806EA3B00323DBD /* GCDContacts */,
			);
		};
/* End PBXProject section */

/* Begin PBXResourcesBuildPhase section */
		B69BB1112806EA3B00323DBD /* Resources */ = {
			isa = PBXResourcesBuildPhase;
			buildActionMask = 2147483647;
			files = (
				B69BB11E2806EA3F00323DBD /* Preview Assets.xcassets in Resources */,
				B64C71E228267DA000DAA839 /* CodeComplexity.rtf in Resources */,
				B69BB11B2806EA3F00323DBD /* Assets.xcassets in Resources */,
			);
			runOnlyForDeploymentPostprocessing = 0;
		};
/* End PBXResourcesBuildPhase section */

/* Begin PBXSourcesBuildPhase section */
		B69BB10F2806EA3B00323DBD /* Sources */ = {
			isa = PBXSourcesBuildPhase;
			buildActionMask = 2147483647;
			files = (
				B616EEFB2808272A005A15CC /* ContactDetailsView.swift in Sources */,
				B69BB1372806EDDF00323DBD /* Contact.swift in Sources */,
				B699377D28085783007ABD98 /* LabelPickerView.swift in Sources */,
				B69BB1412806EEDA00323DBD /* LabeledValue.swift in Sources */,
				B69653F528073AE0004C3C6C /* ParallelMergeSorter.swift in Sources */,
				B67181A5280F3F5C008CFB14 /* MetricObserver.swift in Sources */,
				B699377F2808A30E007ABD98 /* EditContactView.swift in Sources */,
				B69BB1342806ED7100323DBD /* UserResponse.swift in Sources */,
				B69BB1322806ED5600323DBD /* User.swift in Sources */,
				B699377B28083C66007ABD98 /* AddContactView.swift in Sources */,
				B69BB1192806EA3B00323DBD /* ContentView.swift in Sources */,
				B6BB1990280F1E0900D40AE3 /* FileArchiver.swift in Sources */,
				B69BB1272806EC8900323DBD /* ContactGenerator.swift in Sources */,
				B63F68E9280DE31000B41D92 /* ContactComponents.swift in Sources */,
				B63F68E7280DE1EA00B41D92 /* LabeledUIValue.swift in Sources */,
				B69653F128070E8A004C3C6C /* ContactImporter.swift in Sources */,
				B616EEF9280826D1005A15CC /* ContentViewModel.swift in Sources */,
				B6BB198E280F170E00D40AE3 /* Logger.swift in Sources */,
				B616EEF628082645005A15CC /* ContactItemView.swift in Sources */,
				B616EEFD28082A05005A15CC /* ContactViewModel.swift in Sources */,
				B69653F328072160004C3C6C /* ContactStore.swift in Sources */,
				B69BB1172806EA3B00323DBD /* GCDContactsApp.swift in Sources */,
			);
			runOnlyForDeploymentPostprocessing = 0;
		};
/* End PBXSourcesBuildPhase section */

/* Begin XCBuildConfiguration section */
		B69BB11F2806EA3F00323DBD /* Debug */ = {
			isa = XCBuildConfiguration;
			buildSettings = {
				ALWAYS_SEARCH_USER_PATHS = NO;
				CLANG_ANALYZER_NONNULL = YES;
				CLANG_ANALYZER_NUMBER_OBJECT_CONVERSION = YES_AGGRESSIVE;
				CLANG_CXX_LANGUAGE_STANDARD = "gnu++17";
				CLANG_ENABLE_MODULES = YES;
				CLANG_ENABLE_OBJC_ARC = YES;
				CLANG_ENABLE_OBJC_WEAK = YES;
				CLANG_WARN_BLOCK_CAPTURE_AUTORELEASING = YES;
				CLANG_WARN_BOOL_CONVERSION = YES;
				CLANG_WARN_COMMA = YES;
				CLANG_WARN_CONSTANT_CONVERSION = YES;
				CLANG_WARN_DEPRECATED_OBJC_IMPLEMENTATIONS = YES;
				CLANG_WARN_DIRECT_OBJC_ISA_USAGE = YES_ERROR;
				CLANG_WARN_DOCUMENTATION_COMMENTS = YES;
				CLANG_WARN_EMPTY_BODY = YES;
				CLANG_WARN_ENUM_CONVERSION = YES;
				CLANG_WARN_INFINITE_RECURSION = YES;
				CLANG_WARN_INT_CONVERSION = YES;
				CLANG_WARN_NON_LITERAL_NULL_CONVERSION = YES;
				CLANG_WARN_OBJC_IMPLICIT_RETAIN_SELF = YES;
				CLANG_WARN_OBJC_LITERAL_CONVERSION = YES;
				CLANG_WARN_OBJC_ROOT_CLASS = YES_ERROR;
				CLANG_WARN_QUOTED_INCLUDE_IN_FRAMEWORK_HEADER = YES;
				CLANG_WARN_RANGE_LOOP_ANALYSIS = YES;
				CLANG_WARN_STRICT_PROTOTYPES = YES;
				CLANG_WARN_SUSPICIOUS_MOVE = YES;
				CLANG_WARN_UNGUARDED_AVAILABILITY = YES_AGGRESSIVE;
				CLANG_WARN_UNREACHABLE_CODE = YES;
				CLANG_WARN__DUPLICATE_METHOD_MATCH = YES;
				COPY_PHASE_STRIP = NO;
				DEBUG_INFORMATION_FORMAT = dwarf;
				ENABLE_STRICT_OBJC_MSGSEND = YES;
				ENABLE_TESTABILITY = YES;
				GCC_C_LANGUAGE_STANDARD = gnu11;
				GCC_DYNAMIC_NO_PIC = NO;
				GCC_NO_COMMON_BLOCKS = YES;
				GCC_OPTIMIZATION_LEVEL = 0;
				GCC_PREPROCESSOR_DEFINITIONS = (
					"DEBUG=1",
					"$(inherited)",
				);
				GCC_WARN_64_TO_32_BIT_CONVERSION = YES;
				GCC_WARN_ABOUT_RETURN_TYPE = YES_ERROR;
				GCC_WARN_UNDECLARED_SELECTOR = YES;
				GCC_WARN_UNINITIALIZED_AUTOS = YES_AGGRESSIVE;
				GCC_WARN_UNUSED_FUNCTION = YES;
				GCC_WARN_UNUSED_VARIABLE = YES;
				IPHONEOS_DEPLOYMENT_TARGET = 15.4;
				MTL_ENABLE_DEBUG_INFO = INCLUDE_SOURCE;
				MTL_FAST_MATH = YES;
				ONLY_ACTIVE_ARCH = YES;
				SDKROOT = iphoneos;
				SWIFT_ACTIVE_COMPILATION_CONDITIONS = DEBUG;
				SWIFT_OPTIMIZATION_LEVEL = "-Onone";
			};
			name = Debug;
		};
		B69BB1202806EA3F00323DBD /* Release */ = {
			isa = XCBuildConfiguration;
			buildSettings = {
				ALWAYS_SEARCH_USER_PATHS = NO;
				CLANG_ANALYZER_NONNULL = YES;
				CLANG_ANALYZER_NUMBER_OBJECT_CONVERSION = YES_AGGRESSIVE;
				CLANG_CXX_LANGUAGE_STANDARD = "gnu++17";
				CLANG_ENABLE_MODULES = YES;
				CLANG_ENABLE_OBJC_ARC = YES;
				CLANG_ENABLE_OBJC_WEAK = YES;
				CLANG_WARN_BLOCK_CAPTURE_AUTORELEASING = YES;
				CLANG_WARN_BOOL_CONVERSION = YES;
				CLANG_WARN_COMMA = YES;
				CLANG_WARN_CONSTANT_CONVERSION = YES;
				CLANG_WARN_DEPRECATED_OBJC_IMPLEMENTATIONS = YES;
				CLANG_WARN_DIRECT_OBJC_ISA_USAGE = YES_ERROR;
				CLANG_WARN_DOCUMENTATION_COMMENTS = YES;
				CLANG_WARN_EMPTY_BODY = YES;
				CLANG_WARN_ENUM_CONVERSION = YES;
				CLANG_WARN_INFINITE_RECURSION = YES;
				CLANG_WARN_INT_CONVERSION = YES;
				CLANG_WARN_NON_LITERAL_NULL_CONVERSION = YES;
				CLANG_WARN_OBJC_IMPLICIT_RETAIN_SELF = YES;
				CLANG_WARN_OBJC_LITERAL_CONVERSION = YES;
				CLANG_WARN_OBJC_ROOT_CLASS = YES_ERROR;
				CLANG_WARN_QUOTED_INCLUDE_IN_FRAMEWORK_HEADER = YES;
				CLANG_WARN_RANGE_LOOP_ANALYSIS = YES;
				CLANG_WARN_STRICT_PROTOTYPES = YES;
				CLANG_WARN_SUSPICIOUS_MOVE = YES;
				CLANG_WARN_UNGUARDED_AVAILABILITY = YES_AGGRESSIVE;
				CLANG_WARN_UNREACHABLE_CODE = YES;
				CLANG_WARN__DUPLICATE_METHOD_MATCH = YES;
				COPY_PHASE_STRIP = NO;
				DEBUG_INFORMATION_FORMAT = "dwarf-with-dsym";
				ENABLE_NS_ASSERTIONS = NO;
				ENABLE_STRICT_OBJC_MSGSEND = YES;
				GCC_C_LANGUAGE_STANDARD = gnu11;
				GCC_NO_COMMON_BLOCKS = YES;
				GCC_WARN_64_TO_32_BIT_CONVERSION = YES;
				GCC_WARN_ABOUT_RETURN_TYPE = YES_ERROR;
				GCC_WARN_UNDECLARED_SELECTOR = YES;
				GCC_WARN_UNINITIALIZED_AUTOS = YES_AGGRESSIVE;
				GCC_WARN_UNUSED_FUNCTION = YES;
				GCC_WARN_UNUSED_VARIABLE = YES;
				IPHONEOS_DEPLOYMENT_TARGET = 15.4;
				MTL_ENABLE_DEBUG_INFO = NO;
				MTL_FAST_MATH = YES;
				SDKROOT = iphoneos;
				SWIFT_COMPILATION_MODE = wholemodule;
				SWIFT_OPTIMIZATION_LEVEL = "-O";
				VALIDATE_PRODUCT = YES;
			};
			name = Release;
		};
		B69BB1222806EA3F00323DBD /* Debug */ = {
			isa = XCBuildConfiguration;
			buildSettings = {
				ASSETCATALOG_COMPILER_APPICON_NAME = AppIcon;
				ASSETCATALOG_COMPILER_GLOBAL_ACCENT_COLOR_NAME = AccentColor;
				CODE_SIGN_STYLE = Automatic;
				CURRENT_PROJECT_VERSION = 1;
				DEVELOPMENT_ASSET_PATHS = "\"GCDContacts/Preview Content\"";
				DEVELOPMENT_TEAM = ASK45B4R2Z;
				ENABLE_PREVIEWS = YES;
				GENERATE_INFOPLIST_FILE = YES;
				INFOPLIST_KEY_NSContactsUsageDescription = "This app needs to access your contacts to import them and sync on demand.";
				INFOPLIST_KEY_UIApplicationSceneManifest_Generation = YES;
				INFOPLIST_KEY_UIApplicationSupportsIndirectInputEvents = YES;
				INFOPLIST_KEY_UILaunchScreen_Generation = YES;
				INFOPLIST_KEY_UISupportedInterfaceOrientations_iPad = "UIInterfaceOrientationPortrait UIInterfaceOrientationPortraitUpsideDown UIInterfaceOrientationLandscapeLeft UIInterfaceOrientationLandscapeRight";
				INFOPLIST_KEY_UISupportedInterfaceOrientations_iPhone = "UIInterfaceOrientationPortrait UIInterfaceOrientationLandscapeLeft UIInterfaceOrientationLandscapeRight";
				LD_RUNPATH_SEARCH_PATHS = (
					"$(inherited)",
					"@executable_path/Frameworks",
				);
				MARKETING_VERSION = 1.0;
				PRODUCT_BUNDLE_IDENTIFIER = com.example.GCDContacts;
				PRODUCT_NAME = "$(TARGET_NAME)";
				SWIFT_EMIT_LOC_STRINGS = YES;
				SWIFT_VERSION = 5.0;
				TARGETED_DEVICE_FAMILY = "1,2";
			};
			name = Debug;
		};
		B69BB1232806EA3F00323DBD /* Release */ = {
			isa = XCBuildConfiguration;
			buildSettings = {
				ASSETCATALOG_COMPILER_APPICON_NAME = AppIcon;
				ASSETCATALOG_COMPILER_GLOBAL_ACCENT_COLOR_NAME = AccentColor;
				CODE_SIGN_STYLE = Automatic;
				CURRENT_PROJECT_VERSION = 1;
				DEVELOPMENT_ASSET_PATHS = "\"GCDContacts/Preview Content\"";
				DEVELOPMENT_TEAM = ASK45B4R2Z;
				ENABLE_PREVIEWS = YES;
				GENERATE_INFOPLIST_FILE = YES;
				INFOPLIST_KEY_NSContactsUsageDescription = "This app needs to access your contacts to import them and sync on demand.";
				INFOPLIST_KEY_UIApplicationSceneManifest_Generation = YES;
				INFOPLIST_KEY_UIApplicationSupportsIndirectInputEvents = YES;
				INFOPLIST_KEY_UILaunchScreen_Generation = YES;
				INFOPLIST_KEY_UISupportedInterfaceOrientations_iPad = "UIInterfaceOrientationPortrait UIInterfaceOrientationPortraitUpsideDown UIInterfaceOrientationLandscapeLeft UIInterfaceOrientationLandscapeRight";
				INFOPLIST_KEY_UISupportedInterfaceOrientations_iPhone = "UIInterfaceOrientationPortrait UIInterfaceOrientationLandscapeLeft UIInterfaceOrientationLandscapeRight";
				LD_RUNPATH_SEARCH_PATHS = (
					"$(inherited)",
					"@executable_path/Frameworks",
				);
				MARKETING_VERSION = 1.0;
				PRODUCT_BUNDLE_IDENTIFIER = com.example.GCDContacts;
				PRODUCT_NAME = "$(TARGET_NAME)";
				SWIFT_EMIT_LOC_STRINGS = YES;
				SWIFT_VERSION = 5.0;
				TARGETED_DEVICE_FAMILY = "1,2";
			};
			name = Release;
		};
/* End XCBuildConfiguration section */

/* Begin XCConfigurationList section */
		B69BB10E2806EA3B00323DBD /* Build configuration list for PBXProject "GCDContacts" */ = {
			isa = XCConfigurationList;
			buildConfigurations = (
				B69BB11F2806EA3F00323DBD /* Debug */,
				B69BB1202806EA3F00323DBD /* Release */,
			);
			defaultConfigurationIsVisible = 0;
			defaultConfigurationName = Release;
		};
		B69BB1212806EA3F00323DBD /* Build configuration list for PBXNativeTarget "GCDContacts" */ = {
			isa = XCConfigurationList;
			buildConfigurations = (
				B69BB1222806EA3F00323DBD /* Debug */,
				B69BB1232806EA3F00323DBD /* Release */,
			);
			defaultConfigurationIsVisible = 0;
			defaultConfigurationName = Release;
		};
/* End XCConfigurationList section */
	};
	rootObject = B69BB10B2806EA3B00323DBD /* Project object */;
}
